
Microsoft Visual Studio Solution File, Format Version 12.00
# Visual Studio 15
VisualStudioVersion = 15.0.27703.2026
MinimumVisualStudioVersion = 10.0.40219.1
Project("{262852C6-CD72-467D-83FE-5EEB1973A190}") = "myfirstapp", "myfirstapp\myfirstapp.jsproj", "{4A908347-79D2-45F1-A2CB-0AC5C29CA8F6}"
EndProject
Global
	GlobalSection(SolutionConfigurationPlatforms) = preSolution
		Debug|Android = Debug|Android
		Debug|iOS = Debug|iOS
		Debug|Windows-ARM = Debug|Windows-ARM
		Debug|Windows-x64 = Debug|Windows-x64
		Debug|Windows-x86 = Debug|Windows-x86
		Release|Android = Release|Android
		Release|iOS = Release|iOS
		Release|Windows-ARM = Release|Windows-ARM
		Release|Windows-x64 = Release|Windows-x64
		Release|Windows-x86 = Release|Windows-x86
	EndGlobalSection
	GlobalSection(ProjectConfigurationPlatforms) = postSolution
		{4A908347-79D2-45F1-A2CB-0AC5C29CA8F6}.Debug|Android.ActiveCfg = Debug|Android
		{4A908347-79D2-45F1-A2CB-0AC5C29CA8F6}.Debug|Android.Build.0 = Debug|Android
		{4A908347-79D2-45F1-A2CB-0AC5C29CA8F6}.Debug|Android.Deploy.0 = Debug|Android
		{4A908347-79D2-45F1-A2CB-0AC5C29CA8F6}.Debug|iOS.ActiveCfg = Debug|iOS
		{4A908347-79D2-45F1-A2CB-0AC5C29CA8F6}.Debug|iOS.Build.0 = Debug|iOS
		{4A908347-79D2-45F1-A2CB-0AC5C29CA8F6}.Debug|iOS.Deploy.0 = Debug|iOS
		{4A908347-79D2-45F1-A2CB-0AC5C29CA8F6}.Debug|Windows-ARM.ActiveCfg = Debug|Windows-ARM
		{4A908347-79D2-45F1-A2CB-0AC5C29CA8F6}.Debug|Windows-ARM.Build.0 = Debug|Windows-ARM
		{4A908347-79D2-45F1-A2CB-0AC5C29CA8F6}.Debug|Windows-ARM.Deploy.0 = Debug|Windows-ARM
		{4A908347-79D2-45F1-A2CB-0AC5C29CA8F6}.Debug|Windows-x64.ActiveCfg = Debug|Windows-x64
		{4A908347-79D2-45F1-A2CB-0AC5C29CA8F6}.Debug|Windows-x64.Build.0 = Debug|Windows-x64
		{4A908347-79D2-45F1-A2CB-0AC5C29CA8F6}.Debug|Windows-x64.Deploy.0 = Debug|Windows-x64
		{4A908347-79D2-45F1-A2CB-0AC5C29CA8F6}.Debug|Windows-x86.ActiveCfg = Debug|Windows-x86
		{4A908347-79D2-45F1-A2CB-0AC5C29CA8F6}.Debug|Windows-x86.Build.0 = Debug|Windows-x86
		{4A908347-79D2-45F1-A2CB-0AC5C29CA8F6}.Debug|Windows-x86.Deploy.0 = Debug|Windows-x86
		{4A908347-79D2-45F1-A2CB-0AC5C29CA8F6}.Release|Android.ActiveCfg = Release|Android
		{4A908347-79D2-45F1-A2CB-0AC5C29CA8F6}.Release|Android.Build.0 = Release|Android
		{4A908347-79D2-45F1-A2CB-0AC5C29CA8F6}.Release|Android.Deploy.0 = Release|Android
		{4A908347-79D2-45F1-A2CB-0AC5C29CA8F6}.Release|iOS.ActiveCfg = Release|iOS
		{4A908347-79D2-45F1-A2CB-0AC5C29CA8F6}.Release|iOS.Build.0 = Release|iOS
		{4A908347-79D2-45F1-A2CB-0AC5C29CA8F6}.Release|iOS.Deploy.0 = Release|iOS
		{4A908347-79D2-45F1-A2CB-0AC5C29CA8F6}.Release|Windows-ARM.ActiveCfg = Release|Windows-ARM
		{4A908347-79D2-45F1-A2CB-0AC5C29CA8F6}.Release|Windows-ARM.Build.0 = Release|Windows-ARM
		{4A908347-79D2-45F1-A2CB-0AC5C29CA8F6}.Release|Windows-ARM.Deploy.0 = Release|Windows-ARM
		{4A908347-79D2-45F1-A2CB-0AC5C29CA8F6}.Release|Windows-x64.ActiveCfg = Release|Windows-x64
		{4A908347-79D2-45F1-A2CB-0AC5C29CA8F6}.Release|Windows-x64.Build.0 = Release|Windows-x64
		{4A908347-79D2-45F1-A2CB-0AC5C29CA8F6}.Release|Windows-x64.Deploy.0 = Release|Windows-x64
		{4A908347-79D2-45F1-A2CB-0AC5C29CA8F6}.Release|Windows-x86.ActiveCfg = Release|Windows-x86
		{4A908347-79D2-45F1-A2CB-0AC5C29CA8F6}.Release|Windows-x86.Build.0 = Release|Windows-x86
		{4A908347-79D2-45F1-A2CB-0AC5C29CA8F6}.Release|Windows-x86.Deploy.0 = Release|Windows-x86
	EndGlobalSection
	GlobalSection(SolutionProperties) = preSolution
		HideSolutionNode = FALSE
	EndGlobalSection
	GlobalSection(ExtensibilityGlobals) = postSolution
		SolutionGuid = {70B3D3DB-D221-48A2-A18C-9300B96A5EEA}
	EndGlobalSection
EndGlobal
